
Microsoft Visual Studio Solution File, Format Version 12.00
# Visual Studio 15
VisualStudioVersion = 15.0.26730.15
MinimumVisualStudioVersion = 10.0.40219.1
Project("{FAE04EC0-301F-11D3-BF4B-00C04F79EFBC}") = "SyntacticParser", "SyntaticParser\SyntacticParser.csproj", "{0DE73BEF-855A-444A-AC2E-412EAFFD812F}"
EndProject
Project("{FAE04EC0-301F-11D3-BF4B-00C04F79EFBC}") = "SemanticParser", "SemanticParser\SemanticParser.csproj", "{B2A383CD-C20C-40B4-B705-344088180204}"
EndProject
Project("{FAE04EC0-301F-11D3-BF4B-00C04F79EFBC}") = "LexicalAnalyzer", "LexicalAnalyzer\LexicalAnalyzer.csproj", "{51591A93-E13E-41F3-8C1B-4E8A2646B56F}"
EndProject
Project("{FAE04EC0-301F-11D3-BF4B-00C04F79EFBC}") = "DeutschScript", "DeutschScript\DeutschScript.csproj", "{75F4E160-8160-421E-A7CA-417F1E4046EF}"
EndProject
Project("{FAE04EC0-301F-11D3-BF4B-00C04F79EFBC}") = "Errors", "Errors\Errors.csproj", "{5D54A315-EB2F-4C19-8EA5-F4A0A8063AFE}"
EndProject
Project("{FAE04EC0-301F-11D3-BF4B-00C04F79EFBC}") = "Common", "Common\Common.csproj", "{B4C3C970-1B7B-4F3C-BDAD-69287D5A8E05}"
EndProject
Global
	GlobalSection(SolutionConfigurationPlatforms) = preSolution
		Debug|Any CPU = Debug|Any CPU
		Release|Any CPU = Release|Any CPU
	EndGlobalSection
	GlobalSection(ProjectConfigurationPlatforms) = postSolution
		{0DE73BEF-855A-444A-AC2E-412EAFFD812F}.Debug|Any CPU.ActiveCfg = Debug|Any CPU
		{0DE73BEF-855A-444A-AC2E-412EAFFD812F}.Debug|Any CPU.Build.0 = Debug|Any CPU
		{0DE73BEF-855A-444A-AC2E-412EAFFD812F}.Release|Any CPU.ActiveCfg = Release|Any CPU
		{0DE73BEF-855A-444A-AC2E-412EAFFD812F}.Release|Any CPU.Build.0 = Release|Any CPU
		{B2A383CD-C20C-40B4-B705-344088180204}.Debug|Any CPU.ActiveCfg = Debug|Any CPU
		{B2A383CD-C20C-40B4-B705-344088180204}.Debug|Any CPU.Build.0 = Debug|Any CPU
		{B2A383CD-C20C-40B4-B705-344088180204}.Release|Any CPU.ActiveCfg = Release|Any CPU
		{B2A383CD-C20C-40B4-B705-344088180204}.Release|Any CPU.Build.0 = Release|Any CPU
		{51591A93-E13E-41F3-8C1B-4E8A2646B56F}.Debug|Any CPU.ActiveCfg = Debug|Any CPU
		{51591A93-E13E-41F3-8C1B-4E8A2646B56F}.Debug|Any CPU.Build.0 = Debug|Any CPU
		{51591A93-E13E-41F3-8C1B-4E8A2646B56F}.Release|Any CPU.ActiveCfg = Release|Any CPU
		{51591A93-E13E-41F3-8C1B-4E8A2646B56F}.Release|Any CPU.Build.0 = Release|Any CPU
		{75F4E160-8160-421E-A7CA-417F1E4046EF}.Debug|Any CPU.ActiveCfg = Debug|Any CPU
		{75F4E160-8160-421E-A7CA-417F1E4046EF}.Debug|Any CPU.Build.0 = Debug|Any CPU
		{75F4E160-8160-421E-A7CA-417F1E4046EF}.Release|Any CPU.ActiveCfg = Release|Any CPU
		{75F4E160-8160-421E-A7CA-417F1E4046EF}.Release|Any CPU.Build.0 = Release|Any CPU
		{5D54A315-EB2F-4C19-8EA5-F4A0A8063AFE}.Debug|Any CPU.ActiveCfg = Debug|Any CPU
		{5D54A315-EB2F-4C19-8EA5-F4A0A8063AFE}.Debug|Any CPU.Build.0 = Debug|Any CPU
		{5D54A315-EB2F-4C19-8EA5-F4A0A8063AFE}.Release|Any CPU.ActiveCfg = Release|Any CPU
		{5D54A315-EB2F-4C19-8EA5-F4A0A8063AFE}.Release|Any CPU.Build.0 = Release|Any CPU
		{B4C3C970-1B7B-4F3C-BDAD-69287D5A8E05}.Debug|Any CPU.ActiveCfg = Debug|Any CPU
		{B4C3C970-1B7B-4F3C-BDAD-69287D5A8E05}.Debug|Any CPU.Build.0 = Debug|Any CPU
		{B4C3C970-1B7B-4F3C-BDAD-69287D5A8E05}.Release|Any CPU.ActiveCfg = Release|Any CPU
		{B4C3C970-1B7B-4F3C-BDAD-69287D5A8E05}.Release|Any CPU.Build.0 = Release|Any CPU
	EndGlobalSection
	GlobalSection(SolutionProperties) = preSolution
		HideSolutionNode = FALSE
	EndGlobalSection
	GlobalSection(ExtensibilityGlobals) = postSolution
		SolutionGuid = {470551D6-70F7-4124-A2D2-E3E647E1E5DB}
	EndGlobalSection
EndGlobal
